
Microsoft Visual Studio Solution File, Format Version 12.00
# Visual Studio Version 17
VisualStudioVersion = 17.0.31903.59
MinimumVisualStudioVersion = 10.0.40219.1
Project("{FAE04EC0-301F-11D3-BF4B-00C04F79EFBC}") = "PostgreMigrationPOC.Core", "PostgreMigrationPOC.Core\PostgreMigrationPOC.Core.csproj", "{57AE0F7B-1E9F-41F8-8839-D0B5FC2314AA}"
EndProject
Project("{FAE04EC0-301F-11D3-BF4B-00C04F79EFBC}") = "PostgreMigrationPOC.Infrastructure.SqlServer", "PostgreMigrationPOC.Infrastructure.SqlServer\PostgreMigrationPOC.Infrastructure.SqlServer.csproj", "{E93569BE-D74F-4B23-A1E9-5325DEDA6588}"
EndProject
Project("{FAE04EC0-301F-11D3-BF4B-00C04F79EFBC}") = "PostgreMigrationPOC.Infrastructure.Postgres", "PostgreMigrationPOC.Infrastructure.Postgres\PostgreMigrationPOC.Infrastructure.Postgres.csproj", "{D26F7ACD-F6BE-4C22-97F1-12A3C5899A3A}"
EndProject
Project("{FAE04EC0-301F-11D3-BF4B-00C04F79EFBC}") = "PostgreMigrationPOC.Console", "PostgreMigrationPOC.Console\PostgreMigrationPOC.Console.csproj", "{FBB5E521-0E39-4A26-BB78-E9FACB44C866}"
EndProject
Global
	GlobalSection(SolutionConfigurationPlatforms) = preSolution
		Debug|Any CPU = Debug|Any CPU
		Debug|x64 = Debug|x64
		Debug|x86 = Debug|x86
		Release|Any CPU = Release|Any CPU
		Release|x64 = Release|x64
		Release|x86 = Release|x86
	EndGlobalSection
	GlobalSection(ProjectConfigurationPlatforms) = postSolution
		{57AE0F7B-1E9F-41F8-8839-D0B5FC2314AA}.Debug|Any CPU.ActiveCfg = Debug|Any CPU
		{57AE0F7B-1E9F-41F8-8839-D0B5FC2314AA}.Debug|Any CPU.Build.0 = Debug|Any CPU
		{57AE0F7B-1E9F-41F8-8839-D0B5FC2314AA}.Debug|x64.ActiveCfg = Debug|Any CPU
		{57AE0F7B-1E9F-41F8-8839-D0B5FC2314AA}.Debug|x64.Build.0 = Debug|Any CPU
		{57AE0F7B-1E9F-41F8-8839-D0B5FC2314AA}.Debug|x86.ActiveCfg = Debug|Any CPU
		{57AE0F7B-1E9F-41F8-8839-D0B5FC2314AA}.Debug|x86.Build.0 = Debug|Any CPU
		{57AE0F7B-1E9F-41F8-8839-D0B5FC2314AA}.Release|Any CPU.ActiveCfg = Release|Any CPU
		{57AE0F7B-1E9F-41F8-8839-D0B5FC2314AA}.Release|Any CPU.Build.0 = Release|Any CPU
		{57AE0F7B-1E9F-41F8-8839-D0B5FC2314AA}.Release|x64.ActiveCfg = Release|Any CPU
		{57AE0F7B-1E9F-41F8-8839-D0B5FC2314AA}.Release|x64.Build.0 = Release|Any CPU
		{57AE0F7B-1E9F-41F8-8839-D0B5FC2314AA}.Release|x86.ActiveCfg = Release|Any CPU
		{57AE0F7B-1E9F-41F8-8839-D0B5FC2314AA}.Release|x86.Build.0 = Release|Any CPU
		{E93569BE-D74F-4B23-A1E9-5325DEDA6588}.Debug|Any CPU.ActiveCfg = Debug|Any CPU
		{E93569BE-D74F-4B23-A1E9-5325DEDA6588}.Debug|Any CPU.Build.0 = Debug|Any CPU
		{E93569BE-D74F-4B23-A1E9-5325DEDA6588}.Debug|x64.ActiveCfg = Debug|Any CPU
		{E93569BE-D74F-4B23-A1E9-5325DEDA6588}.Debug|x64.Build.0 = Debug|Any CPU
		{E93569BE-D74F-4B23-A1E9-5325DEDA6588}.Debug|x86.ActiveCfg = Debug|Any CPU
		{E93569BE-D74F-4B23-A1E9-5325DEDA6588}.Debug|x86.Build.0 = Debug|Any CPU
		{E93569BE-D74F-4B23-A1E9-5325DEDA6588}.Release|Any CPU.ActiveCfg = Release|Any CPU
		{E93569BE-D74F-4B23-A1E9-5325DEDA6588}.Release|Any CPU.Build.0 = Release|Any CPU
		{E93569BE-D74F-4B23-A1E9-5325DEDA6588}.Release|x64.ActiveCfg = Release|Any CPU
		{E93569BE-D74F-4B23-A1E9-5325DEDA6588}.Release|x64.Build.0 = Release|Any CPU
		{E93569BE-D74F-4B23-A1E9-5325DEDA6588}.Release|x86.ActiveCfg = Release|Any CPU
		{E93569BE-D74F-4B23-A1E9-5325DEDA6588}.Release|x86.Build.0 = Release|Any CPU
		{D26F7ACD-F6BE-4C22-97F1-12A3C5899A3A}.Debug|Any CPU.ActiveCfg = Debug|Any CPU
		{D26F7ACD-F6BE-4C22-97F1-12A3C5899A3A}.Debug|Any CPU.Build.0 = Debug|Any CPU
		{D26F7ACD-F6BE-4C22-97F1-12A3C5899A3A}.Debug|x64.ActiveCfg = Debug|Any CPU
		{D26F7ACD-F6BE-4C22-97F1-12A3C5899A3A}.Debug|x64.Build.0 = Debug|Any CPU
		{D26F7ACD-F6BE-4C22-97F1-12A3C5899A3A}.Debug|x86.ActiveCfg = Debug|Any CPU
		{D26F7ACD-F6BE-4C22-97F1-12A3C5899A3A}.Debug|x86.Build.0 = Debug|Any CPU
		{D26F7ACD-F6BE-4C22-97F1-12A3C5899A3A}.Release|Any CPU.ActiveCfg = Release|Any CPU
		{D26F7ACD-F6BE-4C22-97F1-12A3C5899A3A}.Release|Any CPU.Build.0 = Release|Any CPU
		{D26F7ACD-F6BE-4C22-97F1-12A3C5899A3A}.Release|x64.ActiveCfg = Release|Any CPU
		{D26F7ACD-F6BE-4C22-97F1-12A3C5899A3A}.Release|x64.Build.0 = Release|Any CPU
		{D26F7ACD-F6BE-4C22-97F1-12A3C5899A3A}.Release|x86.ActiveCfg = Release|Any CPU
		{D26F7ACD-F6BE-4C22-97F1-12A3C5899A3A}.Release|x86.Build.0 = Release|Any CPU
		{FBB5E521-0E39-4A26-BB78-E9FACB44C866}.Debug|Any CPU.ActiveCfg = Debug|Any CPU
		{FBB5E521-0E39-4A26-BB78-E9FACB44C866}.Debug|Any CPU.Build.0 = Debug|Any CPU
		{FBB5E521-0E39-4A26-BB78-E9FACB44C866}.Debug|x64.ActiveCfg = Debug|Any CPU
		{FBB5E521-0E39-4A26-BB78-E9FACB44C866}.Debug|x64.Build.0 = Debug|Any CPU
		{FBB5E521-0E39-4A26-BB78-E9FACB44C866}.Debug|x86.ActiveCfg = Debug|Any CPU
		{FBB5E521-0E39-4A26-BB78-E9FACB44C866}.Debug|x86.Build.0 = Debug|Any CPU
		{FBB5E521-0E39-4A26-BB78-E9FACB44C866}.Release|Any CPU.ActiveCfg = Release|Any CPU
		{FBB5E521-0E39-4A26-BB78-E9FACB44C866}.Release|Any CPU.Build.0 = Release|Any CPU
		{FBB5E521-0E39-4A26-BB78-E9FACB44C866}.Release|x64.ActiveCfg = Release|Any CPU
		{FBB5E521-0E39-4A26-BB78-E9FACB44C866}.Release|x64.Build.0 = Release|Any CPU
		{FBB5E521-0E39-4A26-BB78-E9FACB44C866}.Release|x86.ActiveCfg = Release|Any CPU
		{FBB5E521-0E39-4A26-BB78-E9FACB44C866}.Release|x86.Build.0 = Release|Any CPU
	EndGlobalSection
	GlobalSection(SolutionProperties) = preSolution
		HideSolutionNode = FALSE
	EndGlobalSection
EndGlobal
